{
  "name": "@rohberg/volto-searchkit-block",
  "version": "0.1.0",
  "lockfileVersion": 1,
  "requires": true,
  "dependencies": {
    "react-searchkit": {
      "version": "github:rohberg/react-searchkit#081db98e115093ea68778b23d362a8c7eb808038",
      "from": "github:rohberg/react-searchkit"
    }
  }
}
